# This file is autogenerated, do not edit; changes may be undone by the next 'dep ensure'.


[[projects]]
  digest = "1:7b94d37d65c0445053c6f3e73090e3966c1c29127035492c349e14f25c440359"
  name = "github.com/boombuler/barcode"
  packages = [
    ".",
    "qr",
    "utils",
  ]
  pruneopts = "UT"
  revision = "3cfea5ab600ae37946be2b763b8ec2c1cf2d272d"
  version = "v1.0.0"

[[projects]]
  digest = "1:0e9469c594ba4968647dc76d12db8fb3b05dc9603fb05346e1f9dad267a41e86"
  name = "github.com/disintegration/imaging"
  packages = ["."]
  pruneopts = "UT"
  revision = "acabd8315e63bfcaac97d52d68a7a0b88d2eea93"
  version = "v1.6.2"

[[projects]]
  digest = "1:85f32b7ea46a962ccdeead5612f2c75be623133d78225b40f81b207478bb4a46"
  name = "github.com/eliukblau/pixterm"
  packages = ["pkg/ansimage"]
  pruneopts = "UT"
  revision = "80d60b29ba1c381489f27c6c718c5693bd5a3223"
  version = "v1.3.1"

[[projects]]
  digest = "1:9e1f58e0d3991f12e7b532161f56dc12c633fb01802ec60520d877599c2af2c5"
  name = "github.com/golang/protobuf"
  packages = ["proto"]
  pruneopts = "UT"
  revision = "d04d7b157bb510b1e0c10132224b616ac0e26b17"
  version = "v1.4.2"

[[projects]]
  branch = "master"
  digest = "1:24d1e36bab24e7bd888919ebd67390baadf087a36df1ccace0ad458b0664fa73"
  name = "github.com/google/go-tpm"
  packages = [
    "tpm",
    "tpm2",
    "tpmutil",
    "tpmutil/tbs",
  ]
  pruneopts = "UT"
  revision = "58ee89e930b6a445663ffced2180e70c3e4f371a"

[[projects]]
  branch = "master"
  digest = "1:f92007924c62faf88c9f1e4d0acb787ad021d3b8c3b70e9834106e3a9ad4c077"
  name = "github.com/google/go-tpm-tools"
  packages = [
    "proto",
    "tpm2tools",
  ]
  pruneopts = "UT"
  revision = "43245c7a42c235b62aefec17ee08500818cdc945"

[[projects]]
  digest = "1:c864b8e8084dfb30c03e26af1eb338f13fce00f34244627fa7ce240904a80e17"
  name = "github.com/lucasb-eyer/go-colorful"
  packages = ["."]
  pruneopts = "UT"
  revision = "fadcb7c7fa1e47844a23f5ebea95219172166a56"
  version = "v1.0.3"

[[projects]]
  digest = "1:3e5eb9af2330c7a46d64592800813c33adf94305ce53a3fae42191ea18e520e6"
  name = "github.com/pquerna/otp"
  packages = [
    ".",
    "hotp",
    "totp",
  ]
  pruneopts = "UT"
  revision = "43bebefda392017900e7a7b237b4c914c6a55b50"
  version = "v1.2.0"

[[projects]]
  branch = "master"
  digest = "1:c3a2d558cb0af40b3e3988de394b691cb5b3a38cb269dbc2c971b05f609e6a2a"
  name = "github.com/u-root/u-root"
  packages = ["pkg/tss"]
  pruneopts = "UT"
  revision = "3de224650049f04ad46b587623243a1f85e69277"

[[projects]]
  branch = "master"
  digest = "1:c381e2867d447cca3e74dbfb0c8ed371a4583c694b35838c5c642a2b79480fc6"
  name = "golang.org/x/crypto"
  packages = ["ssh/terminal"]
  pruneopts = "UT"
  revision = "70a84ac30bf957c7df57edd1935d2081871515e1"

[[projects]]
  branch = "master"
  digest = "1:32cb3abea169eafb46df6a3190e19fcacb32c1a225c04b4c14b3ce199fde0990"
  name = "golang.org/x/image"
  packages = [
    "bmp",
    "ccitt",
    "riff",
    "tiff",
    "tiff/lzw",
    "vp8",
    "vp8l",
    "webp",
  ]
  pruneopts = "UT"
  revision = "33d19683fad8d833d2299173c7bf8ced0f102764"

[[projects]]
  branch = "master"
  digest = "1:30986a354a6c49a3706fa3483998a10328724f105b32b2911ac3554fc649579b"
  name = "golang.org/x/sys"
  packages = [
    "internal/unsafeheader",
    "unix",
    "windows",
  ]
  pruneopts = "UT"
  revision = "6fdc65e7d9800cc59998e8ac0d9406a20ff5f399"

[[projects]]
  digest = "1:2a628685d02a3eb98bd3b2b25778967113a5bdfae5be743e2612960b07780809"
  name = "google.golang.org/protobuf"
  packages = [
    "encoding/prototext",
    "encoding/protowire",
    "internal/descfmt",
    "internal/descopts",
    "internal/detrand",
    "internal/encoding/defval",
    "internal/encoding/messageset",
    "internal/encoding/tag",
    "internal/encoding/text",
    "internal/errors",
    "internal/fieldnum",
    "internal/fieldsort",
    "internal/filedesc",
    "internal/filetype",
    "internal/flags",
    "internal/genname",
    "internal/impl",
    "internal/mapsort",
    "internal/pragma",
    "internal/set",
    "internal/strs",
    "internal/version",
    "proto",
    "reflect/protoreflect",
    "reflect/protoregistry",
    "runtime/protoiface",
    "runtime/protoimpl",
  ]
  pruneopts = "UT"
  revision = "5c3dd7024aed895adfe053f26b5a479e991cbca9"
  version = "v1.24.0"

[solve-meta]
  analyzer-name = "dep"
  analyzer-version = 1
  input-imports = [
    "github.com/eliukblau/pixterm/pkg/ansimage",
    "github.com/lucasb-eyer/go-colorful",
    "github.com/pquerna/otp",
    "github.com/pquerna/otp/hotp",
    "github.com/pquerna/otp/totp",
    "github.com/u-root/u-root/pkg/tss",
    "golang.org/x/crypto/ssh/terminal",
  ]
  solver-name = "gps-cdcl"
  solver-version = 1
